// !$*UTF8*$!
{
	archiveVersion = 1;
	classes = {
	};
	objectVersion = 50;
	objects = {

/* Begin PBXBuildFile section */
		E3395C2520B3C2BA00E0625E /* AppDelegate.m in Sources */ = {isa = PBXBuildFile; fileRef = E3395C2420B3C2BA00E0625E /* AppDelegate.m */; };
		E3395C2820B3C2BA00E0625E /* ViewController.m in Sources */ = {isa = PBXBuildFile; fileRef = E3395C2720B3C2BA00E0625E /* ViewController.m */; };
		E3395C2B20B3C2BA00E0625E /* Main.storyboard in Resources */ = {isa = PBXBuildFile; fileRef = E3395C2920B3C2BA00E0625E /* Main.storyboard */; };
		E3395C2D20B3C2BA00E0625E /* Assets.xcassets in Resources */ = {isa = PBXBuildFile; fileRef = E3395C2C20B3C2BA00E0625E /* Assets.xcassets */; };
		E3395C3020B3C2BA00E0625E /* LaunchScreen.storyboard in Resources */ = {isa = PBXBuildFile; fileRef = E3395C2E20B3C2BA00E0625E /* LaunchScreen.storyboard */; };
		E3395C3320B3C2BA00E0625E /* main.m in Sources */ = {isa = PBXBuildFile; fileRef = E3395C3220B3C2BA00E0625E /* main.m */; };
		E3395C3D20B3C2BA00E0625E /* DDChatToolBarTests.m in Sources */ = {isa = PBXBuildFile; fileRef = E3395C3C20B3C2BA00E0625E /* DDChatToolBarTests.m */; };
		E3395C4820B3C2BA00E0625E /* DDChatToolBarUITests.m in Sources */ = {isa = PBXBuildFile; fileRef = E3395C4720B3C2BA00E0625E /* DDChatToolBarUITests.m */; };
		E3395C5820B3C2FE00E0625E /* DDChatToolBar.m in Sources */ = {isa = PBXBuildFile; fileRef = E3395C5720B3C2FE00E0625E /* DDChatToolBar.m */; };
		E3395C7420B3C50800E0625E /* NSLayoutConstraint+MASDebugAdditions.m in Sources */ = {isa = PBXBuildFile; fileRef = E3395C5B20B3C50800E0625E /* NSLayoutConstraint+MASDebugAdditions.m */; };
		E3395C7520B3C50800E0625E /* ViewController+MASAdditions.m in Sources */ = {isa = PBXBuildFile; fileRef = E3395C6420B3C50800E0625E /* ViewController+MASAdditions.m */; };
		E3395C7620B3C50800E0625E /* MASCompositeConstraint.m in Sources */ = {isa = PBXBuildFile; fileRef = E3395C6820B3C50800E0625E /* MASCompositeConstraint.m */; };
		E3395C7720B3C50800E0625E /* MASConstraintMaker.m in Sources */ = {isa = PBXBuildFile; fileRef = E3395C6920B3C50800E0625E /* MASConstraintMaker.m */; };
		E3395C7820B3C50800E0625E /* MASLayoutConstraint.m in Sources */ = {isa = PBXBuildFile; fileRef = E3395C6A20B3C50800E0625E /* MASLayoutConstraint.m */; };
		E3395C7920B3C50800E0625E /* NSArray+MASAdditions.m in Sources */ = {isa = PBXBuildFile; fileRef = E3395C6B20B3C50800E0625E /* NSArray+MASAdditions.m */; };
		E3395C7A20B3C50800E0625E /* View+MASAdditions.m in Sources */ = {isa = PBXBuildFile; fileRef = E3395C6C20B3C50800E0625E /* View+MASAdditions.m */; };
		E3395C7B20B3C50800E0625E /* MASConstraint.m in Sources */ = {isa = PBXBuildFile; fileRef = E3395C6F20B3C50800E0625E /* MASConstraint.m */; };
		E3395C7C20B3C50800E0625E /* MASViewConstraint.m in Sources */ = {isa = PBXBuildFile; fileRef = E3395C7120B3C50800E0625E /* MASViewConstraint.m */; };
		E3395C7D20B3C50800E0625E /* MASViewAttribute.m in Sources */ = {isa = PBXBuildFile; fileRef = E3395C7220B3C50800E0625E /* MASViewAttribute.m */; };
		E3395C7E20B3C50800E0625E /* Info.plist in Resources */ = {isa = PBXBuildFile; fileRef = E3395C7320B3C50800E0625E /* Info.plist */; };
		E3395C8320B3C6EE00E0625E /* DDPressToTalkButton.m in Sources */ = {isa = PBXBuildFile; fileRef = E3395C8220B3C6EE00E0625E /* DDPressToTalkButton.m */; };
		E3395C9520B3D4D300E0625E /* chat_toolbar_emotion@3x.png in Resources */ = {isa = PBXBuildFile; fileRef = E3395C8520B3D4D300E0625E /* chat_toolbar_emotion@3x.png */; };
		E3395C9620B3D4D300E0625E /* chat_toolbar_emotion@2x.png in Resources */ = {isa = PBXBuildFile; fileRef = E3395C8620B3D4D300E0625E /* chat_toolbar_emotion@2x.png */; };
		E3395C9720B3D4D300E0625E /* chat_toolbar_voice_HL@3x.png in Resources */ = {isa = PBXBuildFile; fileRef = E3395C8720B3D4D300E0625E /* chat_toolbar_voice_HL@3x.png */; };
		E3395C9820B3D4D300E0625E /* chat_toolbar_more_HL@2x.png in Resources */ = {isa = PBXBuildFile; fileRef = E3395C8820B3D4D300E0625E /* chat_toolbar_more_HL@2x.png */; };
		E3395C9920B3D4D300E0625E /* chat_toolbar_emotion_HL@3x.png in Resources */ = {isa = PBXBuildFile; fileRef = E3395C8920B3D4D300E0625E /* chat_toolbar_emotion_HL@3x.png */; };
		E3395C9A20B3D4D300E0625E /* chat_toolbar_emotion_HL@2x.png in Resources */ = {isa = PBXBuildFile; fileRef = E3395C8A20B3D4D300E0625E /* chat_toolbar_emotion_HL@2x.png */; };
		E3395C9B20B3D4D300E0625E /* chat_toolbar_more_HL@3x.png in Resources */ = {isa = PBXBuildFile; fileRef = E3395C8B20B3D4D300E0625E /* chat_toolbar_more_HL@3x.png */; };
		E3395C9C20B3D4D300E0625E /* chat_toolbar_voice_HL@2x.png in Resources */ = {isa = PBXBuildFile; fileRef = E3395C8C20B3D4D300E0625E /* chat_toolbar_voice_HL@2x.png */; };
		E3395C9D20B3D4D300E0625E /* chat_toolbar_keyboard@2x.png in Resources */ = {isa = PBXBuildFile; fileRef = E3395C8D20B3D4D300E0625E /* chat_toolbar_keyboard@2x.png */; };
		E3395C9E20B3D4D300E0625E /* chat_toolbar_keyboard@3x.png in Resources */ = {isa = PBXBuildFile; fileRef = E3395C8E20B3D4D300E0625E /* chat_toolbar_keyboard@3x.png */; };
		E3395C9F20B3D4D300E0625E /* chat_toolbar_voice@3x.png in Resources */ = {isa = PBXBuildFile; fileRef = E3395C8F20B3D4D300E0625E /* chat_toolbar_voice@3x.png */; };
		E3395CA020B3D4D300E0625E /* chat_toolbar_more@3x.png in Resources */ = {isa = PBXBuildFile; fileRef = E3395C9020B3D4D300E0625E /* chat_toolbar_more@3x.png */; };
		E3395CA120B3D4D300E0625E /* chat_toolbar_keyboard_HL@3x.png in Resources */ = {isa = PBXBuildFile; fileRef = E3395C9120B3D4D300E0625E /* chat_toolbar_keyboard_HL@3x.png */; };
		E3395CA220B3D4D300E0625E /* chat_toolbar_more@2x.png in Resources */ = {isa = PBXBuildFile; fileRef = E3395C9220B3D4D300E0625E /* chat_toolbar_more@2x.png */; };
		E3395CA320B3D4D300E0625E /* chat_toolbar_keyboard_HL@2x.png in Resources */ = {isa = PBXBuildFile; fileRef = E3395C9320B3D4D300E0625E /* chat_toolbar_keyboard_HL@2x.png */; };
		E3395CA420B3D4D300E0625E /* chat_toolbar_voice@2x.png in Resources */ = {isa = PBXBuildFile; fileRef = E3395C9420B3D4D300E0625E /* chat_toolbar_voice@2x.png */; };
		E3395CA720B3D52A00E0625E /* DDChatBaseViewController.m in Sources */ = {isa = PBXBuildFile; fileRef = E3395CA620B3D52A00E0625E /* DDChatBaseViewController.m */; };
		E3395CAD20B3D73200E0625E /* DDChatViewController+keyboardNotification.m in Sources */ = {isa = PBXBuildFile; fileRef = E3395CAC20B3D73200E0625E /* DDChatViewController+keyboardNotification.m */; };
		E3395CB420B3EAB800E0625E /* UIButton+Extensions.m in Sources */ = {isa = PBXBuildFile; fileRef = E3395CB320B3EAB800E0625E /* UIButton+Extensions.m */; };
		E3395CBA20B3F06A00E0625E /* DDChatBaseViewController+chatToolBarTranslate.m in Sources */ = {isa = PBXBuildFile; fileRef = E3395CB920B3F06A00E0625E /* DDChatBaseViewController+chatToolBarTranslate.m */; };
		E3395CBF20B3F49500E0625E /* DDChatBaseKeyboard.m in Sources */ = {isa = PBXBuildFile; fileRef = E3395CBE20B3F49500E0625E /* DDChatBaseKeyboard.m */; };
		E3395CC220B3F4A200E0625E /* DDChatEmojiKeyboard.m in Sources */ = {isa = PBXBuildFile; fileRef = E3395CC120B3F4A200E0625E /* DDChatEmojiKeyboard.m */; };
		E3395CC620B3F90C00E0625E /* DDChatBaseViewController+ChatKeyboard.m in Sources */ = {isa = PBXBuildFile; fileRef = E3395CC520B3F90C00E0625E /* DDChatBaseViewController+ChatKeyboard.m */; };
		E3395D0720B430D800E0625E /* DDChatMoreKeyboard.m in Sources */ = {isa = PBXBuildFile; fileRef = E3395D0620B430D800E0625E /* DDChatMoreKeyboard.m */; };
/* End PBXBuildFile section */

/* Begin PBXContainerItemProxy section */
		E3395C3920B3C2BA00E0625E /* PBXContainerItemProxy */ = {
			isa = PBXContainerItemProxy;
			containerPortal = E3395C1820B3C2BA00E0625E /* Project object */;
			proxyType = 1;
			remoteGlobalIDString = E3395C1F20B3C2BA00E0625E;
			remoteInfo = DDChatToolBar;
		};
		E3395C4420B3C2BA00E0625E /* PBXContainerItemProxy */ = {
			isa = PBXContainerItemProxy;
			containerPortal = E3395C1820B3C2BA00E0625E /* Project object */;
			proxyType = 1;
			remoteGlobalIDString = E3395C1F20B3C2BA00E0625E;
			remoteInfo = DDChatToolBar;
		};
/* End PBXContainerItemProxy section */

/* Begin PBXFileReference section */
		E3395C2020B3C2BA00E0625E /* DDChatToolBar.app */ = {isa = PBXFileReference; explicitFileType = wrapper.application; includeInIndex = 0; path = DDChatToolBar.app; sourceTree = BUILT_PRODUCTS_DIR; };
		E3395C2320B3C2BA00E0625E /* AppDelegate.h */ = {isa = PBXFileReference; lastKnownFileType = sourcecode.c.h; path = AppDelegate.h; sourceTree = "<group>"; };
		E3395C2420B3C2BA00E0625E /* AppDelegate.m */ = {isa = PBXFileReference; lastKnownFileType = sourcecode.c.objc; path = AppDelegate.m; sourceTree = "<group>"; };
		E3395C2620B3C2BA00E0625E /* ViewController.h */ = {isa = PBXFileReference; lastKnownFileType = sourcecode.c.h; path = ViewController.h; sourceTree = "<group>"; };
		E3395C2720B3C2BA00E0625E /* ViewController.m */ = {isa = PBXFileReference; lastKnownFileType = sourcecode.c.objc; path = ViewController.m; sourceTree = "<group>"; };
		E3395C2A20B3C2BA00E0625E /* Base */ = {isa = PBXFileReference; lastKnownFileType = file.storyboard; name = Base; path = Base.lproj/Main.storyboard; sourceTree = "<group>"; };
		E3395C2C20B3C2BA00E0625E /* Assets.xcassets */ = {isa = PBXFileReference; lastKnownFileType = folder.assetcatalog; path = Assets.xcassets; sourceTree = "<group>"; };
		E3395C2F20B3C2BA00E0625E /* Base */ = {isa = PBXFileReference; lastKnownFileType = file.storyboard; name = Base; path = Base.lproj/LaunchScreen.storyboard; sourceTree = "<group>"; };
		E3395C3120B3C2BA00E0625E /* Info.plist */ = {isa = PBXFileReference; lastKnownFileType = text.plist.xml; path = Info.plist; sourceTree = "<group>"; };
		E3395C3220B3C2BA00E0625E /* main.m */ = {isa = PBXFileReference; lastKnownFileType = sourcecode.c.objc; path = main.m; sourceTree = "<group>"; };
		E3395C3820B3C2BA00E0625E /* DDChatToolBarTests.xctest */ = {isa = PBXFileReference; explicitFileType = wrapper.cfbundle; includeInIndex = 0; path = DDChatToolBarTests.xctest; sourceTree = BUILT_PRODUCTS_DIR; };
		E3395C3C20B3C2BA00E0625E /* DDChatToolBarTests.m */ = {isa = PBXFileReference; lastKnownFileType = sourcecode.c.objc; path = DDChatToolBarTests.m; sourceTree = "<group>"; };
		E3395C3E20B3C2BA00E0625E /* Info.plist */ = {isa = PBXFileReference; lastKnownFileType = text.plist.xml; path = Info.plist; sourceTree = "<group>"; };
		E3395C4320B3C2BA00E0625E /* DDChatToolBarUITests.xctest */ = {isa = PBXFileReference; explicitFileType = wrapper.cfbundle; includeInIndex = 0; path = DDChatToolBarUITests.xctest; sourceTree = BUILT_PRODUCTS_DIR; };
		E3395C4720B3C2BA00E0625E /* DDChatToolBarUITests.m */ = {isa = PBXFileReference; lastKnownFileType = sourcecode.c.objc; path = DDChatToolBarUITests.m; sourceTree = "<group>"; };
		E3395C4920B3C2BA00E0625E /* Info.plist */ = {isa = PBXFileReference; lastKnownFileType = text.plist.xml; path = Info.plist; sourceTree = "<group>"; };
		E3395C5620B3C2FE00E0625E /* DDChatToolBar.h */ = {isa = PBXFileReference; lastKnownFileType = sourcecode.c.h; path = DDChatToolBar.h; sourceTree = "<group>"; };
		E3395C5720B3C2FE00E0625E /* DDChatToolBar.m */ = {isa = PBXFileReference; lastKnownFileType = sourcecode.c.objc; path = DDChatToolBar.m; sourceTree = "<group>"; };
		E3395C5A20B3C50800E0625E /* MASCompositeConstraint.h */ = {isa = PBXFileReference; fileEncoding = 4; lastKnownFileType = sourcecode.c.h; path = MASCompositeConstraint.h; sourceTree = "<group>"; };
		E3395C5B20B3C50800E0625E /* NSLayoutConstraint+MASDebugAdditions.m */ = {isa = PBXFileReference; fileEncoding = 4; lastKnownFileType = sourcecode.c.objc; path = "NSLayoutConstraint+MASDebugAdditions.m"; sourceTree = "<group>"; };
		E3395C5C20B3C50800E0625E /* MASConstraint+Private.h */ = {isa = PBXFileReference; fileEncoding = 4; lastKnownFileType = sourcecode.c.h; path = "MASConstraint+Private.h"; sourceTree = "<group>"; };
		E3395C5D20B3C50800E0625E /* MASLayoutConstraint.h */ = {isa = PBXFileReference; fileEncoding = 4; lastKnownFileType = sourcecode.c.h; path = MASLayoutConstraint.h; sourceTree = "<group>"; };
		E3395C5E20B3C50800E0625E /* NSArray+MASShorthandAdditions.h */ = {isa = PBXFileReference; fileEncoding = 4; lastKnownFileType = sourcecode.c.h; path = "NSArray+MASShorthandAdditions.h"; sourceTree = "<group>"; };
		E3395C5F20B3C50800E0625E /* MASConstraintMaker.h */ = {isa = PBXFileReference; fileEncoding = 4; lastKnownFileType = sourcecode.c.h; path = MASConstraintMaker.h; sourceTree = "<group>"; };
		E3395C6020B3C50800E0625E /* View+MASAdditions.h */ = {isa = PBXFileReference; fileEncoding = 4; lastKnownFileType = sourcecode.c.h; path = "View+MASAdditions.h"; sourceTree = "<group>"; };
		E3395C6120B3C50800E0625E /* NSArray+MASAdditions.h */ = {isa = PBXFileReference; fileEncoding = 4; lastKnownFileType = sourcecode.c.h; path = "NSArray+MASAdditions.h"; sourceTree = "<group>"; };
		E3395C6220B3C50800E0625E /* MASUtilities.h */ = {isa = PBXFileReference; fileEncoding = 4; lastKnownFileType = sourcecode.c.h; path = MASUtilities.h; sourceTree = "<group>"; };
		E3395C6320B3C50800E0625E /* MASViewAttribute.h */ = {isa = PBXFileReference; fileEncoding = 4; lastKnownFileType = sourcecode.c.h; path = MASViewAttribute.h; sourceTree = "<group>"; };
		E3395C6420B3C50800E0625E /* ViewController+MASAdditions.m */ = {isa = PBXFileReference; fileEncoding = 4; lastKnownFileType = sourcecode.c.objc; path = "ViewController+MASAdditions.m"; sourceTree = "<group>"; };
		E3395C6520B3C50800E0625E /* MASViewConstraint.h */ = {isa = PBXFileReference; fileEncoding = 4; lastKnownFileType = sourcecode.c.h; path = MASViewConstraint.h; sourceTree = "<group>"; };
		E3395C6620B3C50800E0625E /* MASConstraint.h */ = {isa = PBXFileReference; fileEncoding = 4; lastKnownFileType = sourcecode.c.h; path = MASConstraint.h; sourceTree = "<group>"; };
		E3395C6720B3C50800E0625E /* NSLayoutConstraint+MASDebugAdditions.h */ = {isa = PBXFileReference; fileEncoding = 4; lastKnownFileType = sourcecode.c.h; path = "NSLayoutConstraint+MASDebugAdditions.h"; sourceTree = "<group>"; };
		E3395C6820B3C50800E0625E /* MASCompositeConstraint.m */ = {isa = PBXFileReference; fileEncoding = 4; lastKnownFileType = sourcecode.c.objc; path = MASCompositeConstraint.m; sourceTree = "<group>"; };
		E3395C6920B3C50800E0625E /* MASConstraintMaker.m */ = {isa = PBXFileReference; fileEncoding = 4; lastKnownFileType = sourcecode.c.objc; path = MASConstraintMaker.m; sourceTree = "<group>"; };
		E3395C6A20B3C50800E0625E /* MASLayoutConstraint.m */ = {isa = PBXFileReference; fileEncoding = 4; lastKnownFileType = sourcecode.c.objc; path = MASLayoutConstraint.m; sourceTree = "<group>"; };
		E3395C6B20B3C50800E0625E /* NSArray+MASAdditions.m */ = {isa = PBXFileReference; fileEncoding = 4; lastKnownFileType = sourcecode.c.objc; path = "NSArray+MASAdditions.m"; sourceTree = "<group>"; };
		E3395C6C20B3C50800E0625E /* View+MASAdditions.m */ = {isa = PBXFileReference; fileEncoding = 4; lastKnownFileType = sourcecode.c.objc; path = "View+MASAdditions.m"; sourceTree = "<group>"; };
		E3395C6D20B3C50800E0625E /* View+MASShorthandAdditions.h */ = {isa = PBXFileReference; fileEncoding = 4; lastKnownFileType = sourcecode.c.h; path = "View+MASShorthandAdditions.h"; sourceTree = "<group>"; };
		E3395C6E20B3C50800E0625E /* Masonry.h */ = {isa = PBXFileReference; fileEncoding = 4; lastKnownFileType = sourcecode.c.h; path = Masonry.h; sourceTree = "<group>"; };
		E3395C6F20B3C50800E0625E /* MASConstraint.m */ = {isa = PBXFileReference; fileEncoding = 4; lastKnownFileType = sourcecode.c.objc; path = MASConstraint.m; sourceTree = "<group>"; };
		E3395C7020B3C50800E0625E /* ViewController+MASAdditions.h */ = {isa = PBXFileReference; fileEncoding = 4; lastKnownFileType = sourcecode.c.h; path = "ViewController+MASAdditions.h"; sourceTree = "<group>"; };
		E3395C7120B3C50800E0625E /* MASViewConstraint.m */ = {isa = PBXFileReference; fileEncoding = 4; lastKnownFileType = sourcecode.c.objc; path = MASViewConstraint.m; sourceTree = "<group>"; };
		E3395C7220B3C50800E0625E /* MASViewAttribute.m */ = {isa = PBXFileReference; fileEncoding = 4; lastKnownFileType = sourcecode.c.objc; path = MASViewAttribute.m; sourceTree = "<group>"; };
		E3395C7320B3C50800E0625E /* Info.plist */ = {isa = PBXFileReference; fileEncoding = 4; lastKnownFileType = text.plist.xml; path = Info.plist; sourceTree = "<group>"; };
		E3395C8020B3C52F00E0625E /* PrefixHeader.pch */ = {isa = PBXFileReference; lastKnownFileType = sourcecode.c.h; path = PrefixHeader.pch; sourceTree = "<group>"; };
		E3395C8120B3C6EE00E0625E /* DDPressToTalkButton.h */ = {isa = PBXFileReference; lastKnownFileType = sourcecode.c.h; path = DDPressToTalkButton.h; sourceTree = "<group>"; };
		E3395C8220B3C6EE00E0625E /* DDPressToTalkButton.m */ = {isa = PBXFileReference; lastKnownFileType = sourcecode.c.objc; path = DDPressToTalkButton.m; sourceTree = "<group>"; };
		E3395C8520B3D4D300E0625E /* chat_toolbar_emotion@3x.png */ = {isa = PBXFileReference; lastKnownFileType = image.png; path = "chat_toolbar_emotion@3x.png"; sourceTree = "<group>"; };
		E3395C8620B3D4D300E0625E /* chat_toolbar_emotion@2x.png */ = {isa = PBXFileReference; lastKnownFileType = image.png; path = "chat_toolbar_emotion@2x.png"; sourceTree = "<group>"; };
		E3395C8720B3D4D300E0625E /* chat_toolbar_voice_HL@3x.png */ = {isa = PBXFileReference; lastKnownFileType = image.png; path = "chat_toolbar_voice_HL@3x.png"; sourceTree = "<group>"; };
		E3395C8820B3D4D300E0625E /* chat_toolbar_more_HL@2x.png */ = {isa = PBXFileReference; lastKnownFileType = image.png; path = "chat_toolbar_more_HL@2x.png"; sourceTree = "<group>"; };
		E3395C8920B3D4D300E0625E /* chat_toolbar_emotion_HL@3x.png */ = {isa = PBXFileReference; lastKnownFileType = image.png; path = "chat_toolbar_emotion_HL@3x.png"; sourceTree = "<group>"; };
		E3395C8A20B3D4D300E0625E /* chat_toolbar_emotion_HL@2x.png */ = {isa = PBXFileReference; lastKnownFileType = image.png; path = "chat_toolbar_emotion_HL@2x.png"; sourceTree = "<group>"; };
		E3395C8B20B3D4D300E0625E /* chat_toolbar_more_HL@3x.png */ = {isa = PBXFileReference; lastKnownFileType = image.png; path = "chat_toolbar_more_HL@3x.png"; sourceTree = "<group>"; };
		E3395C8C20B3D4D300E0625E /* chat_toolbar_voice_HL@2x.png */ = {isa = PBXFileReference; lastKnownFileType = image.png; path = "chat_toolbar_voice_HL@2x.png"; sourceTree = "<group>"; };
		E3395C8D20B3D4D300E0625E /* chat_toolbar_keyboard@2x.png */ = {isa = PBXFileReference; lastKnownFileType = image.png; path = "chat_toolbar_keyboard@2x.png"; sourceTree = "<group>"; };
		E3395C8E20B3D4D300E0625E /* chat_toolbar_keyboard@3x.png */ = {isa = PBXFileReference; lastKnownFileType = image.png; path = "chat_toolbar_keyboard@3x.png"; sourceTree = "<group>"; };
		E3395C8F20B3D4D300E0625E /* chat_toolbar_voice@3x.png */ = {isa = PBXFileReference; lastKnownFileType = image.png; path = "chat_toolbar_voice@3x.png"; sourceTree = "<group>"; };
		E3395C9020B3D4D300E0625E /* chat_toolbar_more@3x.png */ = {isa = PBXFileReference; lastKnownFileType = image.png; path = "chat_toolbar_more@3x.png"; sourceTree = "<group>"; };
		E3395C9120B3D4D300E0625E /* chat_toolbar_keyboard_HL@3x.png */ = {isa = PBXFileReference; lastKnownFileType = image.png; path = "chat_toolbar_keyboard_HL@3x.png"; sourceTree = "<group>"; };
		E3395C9220B3D4D300E0625E /* chat_toolbar_more@2x.png */ = {isa = PBXFileReference; lastKnownFileType = image.png; path = "chat_toolbar_more@2x.png"; sourceTree = "<group>"; };
		E3395C9320B3D4D300E0625E /* chat_toolbar_keyboard_HL@2x.png */ = {isa = PBXFileReference; lastKnownFileType = image.png; path = "chat_toolbar_keyboard_HL@2x.png"; sourceTree = "<group>"; };
		E3395C9420B3D4D300E0625E /* chat_toolbar_voice@2x.png */ = {isa = PBXFileReference; lastKnownFileType = image.png; path = "chat_toolbar_voice@2x.png"; sourceTree = "<group>"; };
		E3395CA520B3D52A00E0625E /* DDChatBaseViewController.h */ = {isa = PBXFileReference; lastKnownFileType = sourcecode.c.h; path = DDChatBaseViewController.h; sourceTree = "<group>"; };
		E3395CA620B3D52A00E0625E /* DDChatBaseViewController.m */ = {isa = PBXFileReference; lastKnownFileType = sourcecode.c.objc; path = DDChatBaseViewController.m; sourceTree = "<group>"; };
		E3395CAB20B3D73200E0625E /* DDChatViewController+keyboardNotification.h */ = {isa = PBXFileReference; lastKnownFileType = sourcecode.c.h; path = "DDChatViewController+keyboardNotification.h"; sourceTree = "<group>"; };
		E3395CAC20B3D73200E0625E /* DDChatViewController+keyboardNotification.m */ = {isa = PBXFileReference; lastKnownFileType = sourcecode.c.objc; path = "DDChatViewController+keyboardNotification.m"; sourceTree = "<group>"; };
		E3395CAE20B3E88600E0625E /* DDChatToolBarCommon.h */ = {isa = PBXFileReference; lastKnownFileType = sourcecode.c.h; path = DDChatToolBarCommon.h; sourceTree = "<group>"; };
		E3395CB220B3EAB800E0625E /* UIButton+Extensions.h */ = {isa = PBXFileReference; lastKnownFileType = sourcecode.c.h; path = "UIButton+Extensions.h"; sourceTree = "<group>"; };
		E3395CB320B3EAB800E0625E /* UIButton+Extensions.m */ = {isa = PBXFileReference; lastKnownFileType = sourcecode.c.objc; path = "UIButton+Extensions.m"; sourceTree = "<group>"; };
		E3395CB720B3EF4100E0625E /* DDChatToolBarTranslateDelegate.h */ = {isa = PBXFileReference; lastKnownFileType = sourcecode.c.h; path = DDChatToolBarTranslateDelegate.h; sourceTree = "<group>"; };
		E3395CB820B3F06A00E0625E /* DDChatBaseViewController+chatToolBarTranslate.h */ = {isa = PBXFileReference; lastKnownFileType = sourcecode.c.h; path = "DDChatBaseViewController+chatToolBarTranslate.h"; sourceTree = "<group>"; };
		E3395CB920B3F06A00E0625E /* DDChatBaseViewController+chatToolBarTranslate.m */ = {isa = PBXFileReference; lastKnownFileType = sourcecode.c.objc; path = "DDChatBaseViewController+chatToolBarTranslate.m"; sourceTree = "<group>"; };
		E3395CBD20B3F49500E0625E /* DDChatBaseKeyboard.h */ = {isa = PBXFileReference; lastKnownFileType = sourcecode.c.h; path = DDChatBaseKeyboard.h; sourceTree = "<group>"; };
		E3395CBE20B3F49500E0625E /* DDChatBaseKeyboard.m */ = {isa = PBXFileReference; lastKnownFileType = sourcecode.c.objc; path = DDChatBaseKeyboard.m; sourceTree = "<group>"; };
		E3395CC020B3F4A200E0625E /* DDChatEmojiKeyboard.h */ = {isa = PBXFileReference; lastKnownFileType = sourcecode.c.h; path = DDChatEmojiKeyboard.h; sourceTree = "<group>"; };
		E3395CC120B3F4A200E0625E /* DDChatEmojiKeyboard.m */ = {isa = PBXFileReference; lastKnownFileType = sourcecode.c.objc; path = DDChatEmojiKeyboard.m; sourceTree = "<group>"; };
		E3395CC320B3F86B00E0625E /* DDChatKeyboardDelegate.h */ = {isa = PBXFileReference; lastKnownFileType = sourcecode.c.h; path = DDChatKeyboardDelegate.h; sourceTree = "<group>"; };
		E3395CC420B3F90C00E0625E /* DDChatBaseViewController+ChatKeyboard.h */ = {isa = PBXFileReference; lastKnownFileType = sourcecode.c.h; path = "DDChatBaseViewController+ChatKeyboard.h"; sourceTree = "<group>"; };
		E3395CC520B3F90C00E0625E /* DDChatBaseViewController+ChatKeyboard.m */ = {isa = PBXFileReference; lastKnownFileType = sourcecode.c.objc; path = "DDChatBaseViewController+ChatKeyboard.m"; sourceTree = "<group>"; };
		E3395D0520B430D800E0625E /* DDChatMoreKeyboard.h */ = {isa = PBXFileReference; lastKnownFileType = sourcecode.c.h; path = DDChatMoreKeyboard.h; sourceTree = "<group>"; };
		E3395D0620B430D800E0625E /* DDChatMoreKeyboard.m */ = {isa = PBXFileReference; lastKnownFileType = sourcecode.c.objc; path = DDChatMoreKeyboard.m; sourceTree = "<group>"; };
/* End PBXFileReference section */

/* Begin PBXFrameworksBuildPhase section */
		E3395C1D20B3C2BA00E0625E /* Frameworks */ = {
			isa = PBXFrameworksBuildPhase;
			buildActionMask = 2147483647;
			files = (
			);
			runOnlyForDeploymentPostprocessing = 0;
		};
		E3395C3520B3C2BA00E0625E /* Frameworks */ = {
			isa = PBXFrameworksBuildPhase;
			buildActionMask = 2147483647;
			files = (
			);
			runOnlyForDeploymentPostprocessing = 0;
		};
		E3395C4020B3C2BA00E0625E /* Frameworks */ = {
			isa = PBXFrameworksBuildPhase;
			buildActionMask = 2147483647;
			files = (
			);
			runOnlyForDeploymentPostprocessing = 0;
		};
/* End PBXFrameworksBuildPhase section */

/* Begin PBXGroup section */
		E3395C1720B3C2BA00E0625E = {
			isa = PBXGroup;
			children = (
				E3395C2220B3C2BA00E0625E /* DDChatToolBar */,
				E3395C3B20B3C2BA00E0625E /* DDChatToolBarTests */,
				E3395C4620B3C2BA00E0625E /* DDChatToolBarUITests */,
				E3395C2120B3C2BA00E0625E /* Products */,
			);
			sourceTree = "<group>";
		};
		E3395C2120B3C2BA00E0625E /* Products */ = {
			isa = PBXGroup;
			children = (
				E3395C2020B3C2BA00E0625E /* DDChatToolBar.app */,
				E3395C3820B3C2BA00E0625E /* DDChatToolBarTests.xctest */,
				E3395C4320B3C2BA00E0625E /* DDChatToolBarUITests.xctest */,
			);
			name = Products;
			sourceTree = "<group>";
		};
		E3395C2220B3C2BA00E0625E /* DDChatToolBar */ = {
			isa = PBXGroup;
			children = (
				E3395C5920B3C50800E0625E /* Masonry */,
				E3395C5520B3C2ED00E0625E /* DDChatToolBar */,
				E3395C2320B3C2BA00E0625E /* AppDelegate.h */,
				E3395C2420B3C2BA00E0625E /* AppDelegate.m */,
				E3395C2620B3C2BA00E0625E /* ViewController.h */,
				E3395C2720B3C2BA00E0625E /* ViewController.m */,
				E3395C2920B3C2BA00E0625E /* Main.storyboard */,
				E3395C2C20B3C2BA00E0625E /* Assets.xcassets */,
				E3395C2E20B3C2BA00E0625E /* LaunchScreen.storyboard */,
				E3395C3120B3C2BA00E0625E /* Info.plist */,
				E3395C3220B3C2BA00E0625E /* main.m */,
				E3395C8020B3C52F00E0625E /* PrefixHeader.pch */,
			);
			path = DDChatToolBar;
			sourceTree = "<group>";
		};
		E3395C3B20B3C2BA00E0625E /* DDChatToolBarTests */ = {
			isa = PBXGroup;
			children = (
				E3395C3C20B3C2BA00E0625E /* DDChatToolBarTests.m */,
				E3395C3E20B3C2BA00E0625E /* Info.plist */,
			);
			path = DDChatToolBarTests;
			sourceTree = "<group>";
		};
		E3395C4620B3C2BA00E0625E /* DDChatToolBarUITests */ = {
			isa = PBXGroup;
			children = (
				E3395C4720B3C2BA00E0625E /* DDChatToolBarUITests.m */,
				E3395C4920B3C2BA00E0625E /* Info.plist */,
			);
			path = DDChatToolBarUITests;
			sourceTree = "<group>";
		};
		E3395C5520B3C2ED00E0625E /* DDChatToolBar */ = {
			isa = PBXGroup;
			children = (
				E3395C8420B3D4D300E0625E /* images */,
				E3395CBC20B3F41E00E0625E /* DDChatKeyboard */,
				E3395CAE20B3E88600E0625E /* DDChatToolBarCommon.h */,
				E3395C5620B3C2FE00E0625E /* DDChatToolBar.h */,
				E3395C5720B3C2FE00E0625E /* DDChatToolBar.m */,
				E3395CBB20B3F08000E0625E /* DDChatToolBarDelegate */,
				E3395C8120B3C6EE00E0625E /* DDPressToTalkButton.h */,
				E3395C8220B3C6EE00E0625E /* DDPressToTalkButton.m */,
				E3395CA520B3D52A00E0625E /* DDChatBaseViewController.h */,
				E3395CA620B3D52A00E0625E /* DDChatBaseViewController.m */,
				E3395CAB20B3D73200E0625E /* DDChatViewController+keyboardNotification.h */,
				E3395CAC20B3D73200E0625E /* DDChatViewController+keyboardNotification.m */,
				E3395CB520B3EABC00E0625E /* UIButton+Extensions */,
			);
			path = DDChatToolBar;
			sourceTree = "<group>";
		};
		E3395C5920B3C50800E0625E /* Masonry */ = {
			isa = PBXGroup;
			children = (
				E3395C5A20B3C50800E0625E /* MASCompositeConstraint.h */,
				E3395C5B20B3C50800E0625E /* NSLayoutConstraint+MASDebugAdditions.m */,
				E3395C5C20B3C50800E0625E /* MASConstraint+Private.h */,
				E3395C5D20B3C50800E0625E /* MASLayoutConstraint.h */,
				E3395C5E20B3C50800E0625E /* NSArray+MASShorthandAdditions.h */,
				E3395C5F20B3C50800E0625E /* MASConstraintMaker.h */,
				E3395C6020B3C50800E0625E /* View+MASAdditions.h */,
				E3395C6120B3C50800E0625E /* NSArray+MASAdditions.h */,
				E3395C6220B3C50800E0625E /* MASUtilities.h */,
				E3395C6320B3C50800E0625E /* MASViewAttribute.h */,
				E3395C6420B3C50800E0625E /* ViewController+MASAdditions.m */,
				E3395C6520B3C50800E0625E /* MASViewConstraint.h */,
				E3395C6620B3C50800E0625E /* MASConstraint.h */,
				E3395C6720B3C50800E0625E /* NSLayoutConstraint+MASDebugAdditions.h */,
				E3395C6820B3C50800E0625E /* MASCompositeConstraint.m */,
				E3395C6920B3C50800E0625E /* MASConstraintMaker.m */,
				E3395C6A20B3C50800E0625E /* MASLayoutConstraint.m */,
				E3395C6B20B3C50800E0625E /* NSArray+MASAdditions.m */,
				E3395C6C20B3C50800E0625E /* View+MASAdditions.m */,
				E3395C6D20B3C50800E0625E /* View+MASShorthandAdditions.h */,
				E3395C6E20B3C50800E0625E /* Masonry.h */,
				E3395C6F20B3C50800E0625E /* MASConstraint.m */,
				E3395C7020B3C50800E0625E /* ViewController+MASAdditions.h */,
				E3395C7120B3C50800E0625E /* MASViewConstraint.m */,
				E3395C7220B3C50800E0625E /* MASViewAttribute.m */,
				E3395C7320B3C50800E0625E /* Info.plist */,
			);
			path = Masonry;
			sourceTree = "<group>";
		};
		E3395C8420B3D4D300E0625E /* images */ = {
			isa = PBXGroup;
			children = (
				E3395C8520B3D4D300E0625E /* chat_toolbar_emotion@3x.png */,
				E3395C8620B3D4D300E0625E /* chat_toolbar_emotion@2x.png */,
				E3395C8720B3D4D300E0625E /* chat_toolbar_voice_HL@3x.png */,
				E3395C8820B3D4D300E0625E /* chat_toolbar_more_HL@2x.png */,
				E3395C8920B3D4D300E0625E /* chat_toolbar_emotion_HL@3x.png */,
				E3395C8A20B3D4D300E0625E /* chat_toolbar_emotion_HL@2x.png */,
				E3395C8B20B3D4D300E0625E /* chat_toolbar_more_HL@3x.png */,
				E3395C8C20B3D4D300E0625E /* chat_toolbar_voice_HL@2x.png */,
				E3395C8D20B3D4D300E0625E /* chat_toolbar_keyboard@2x.png */,
				E3395C8E20B3D4D300E0625E /* chat_toolbar_keyboard@3x.png */,
				E3395C8F20B3D4D300E0625E /* chat_toolbar_voice@3x.png */,
				E3395C9020B3D4D300E0625E /* chat_toolbar_more@3x.png */,
				E3395C9120B3D4D300E0625E /* chat_toolbar_keyboard_HL@3x.png */,
				E3395C9220B3D4D300E0625E /* chat_toolbar_more@2x.png */,
				E3395C9320B3D4D300E0625E /* chat_toolbar_keyboard_HL@2x.png */,
				E3395C9420B3D4D300E0625E /* chat_toolbar_voice@2x.png */,
			);
			path = images;
			sourceTree = "<group>";
		};
		E3395CB520B3EABC00E0625E /* UIButton+Extensions */ = {
			isa = PBXGroup;
			children = (
				E3395CB220B3EAB800E0625E /* UIButton+Extensions.h */,
				E3395CB320B3EAB800E0625E /* UIButton+Extensions.m */,
			);
			path = "UIButton+Extensions";
			sourceTree = "<group>";
		};
		E3395CBB20B3F08000E0625E /* DDChatToolBarDelegate */ = {
			isa = PBXGroup;
			children = (
				E3395CB720B3EF4100E0625E /* DDChatToolBarTranslateDelegate.h */,
				E3395CB820B3F06A00E0625E /* DDChatBaseViewController+chatToolBarTranslate.h */,
				E3395CB920B3F06A00E0625E /* DDChatBaseViewController+chatToolBarTranslate.m */,
			);
			path = DDChatToolBarDelegate;
			sourceTree = "<group>";
		};
		E3395CBC20B3F41E00E0625E /* DDChatKeyboard */ = {
			isa = PBXGroup;
			children = (
				E3395CC320B3F86B00E0625E /* DDChatKeyboardDelegate.h */,
				E3395CC420B3F90C00E0625E /* DDChatBaseViewController+ChatKeyboard.h */,
				E3395CC520B3F90C00E0625E /* DDChatBaseViewController+ChatKeyboard.m */,
				E3395CBD20B3F49500E0625E /* DDChatBaseKeyboard.h */,
				E3395CBE20B3F49500E0625E /* DDChatBaseKeyboard.m */,
				E3395CC020B3F4A200E0625E /* DDChatEmojiKeyboard.h */,
				E3395CC120B3F4A200E0625E /* DDChatEmojiKeyboard.m */,
				E3395D0520B430D800E0625E /* DDChatMoreKeyboard.h */,
				E3395D0620B430D800E0625E /* DDChatMoreKeyboard.m */,
			);
			path = DDChatKeyboard;
			sourceTree = "<group>";
		};
/* End PBXGroup section */

/* Begin PBXNativeTarget section */
		E3395C1F20B3C2BA00E0625E /* DDChatToolBar */ = {
			isa = PBXNativeTarget;
			buildConfigurationList = E3395C4C20B3C2BA00E0625E /* Build configuration list for PBXNativeTarget "DDChatToolBar" */;
			buildPhases = (
				E3395C1C20B3C2BA00E0625E /* Sources */,
				E3395C1D20B3C2BA00E0625E /* Frameworks */,
				E3395C1E20B3C2BA00E0625E /* Resources */,
			);
			buildRules = (
			);
			dependencies = (
			);
			name = DDChatToolBar;
			productName = DDChatToolBar;
			productReference = E3395C2020B3C2BA00E0625E /* DDChatToolBar.app */;
			productType = "com.apple.product-type.application";
		};
		E3395C3720B3C2BA00E0625E /* DDChatToolBarTests */ = {
			isa = PBXNativeTarget;
			buildConfigurationList = E3395C4F20B3C2BA00E0625E /* Build configuration list for PBXNativeTarget "DDChatToolBarTests" */;
			buildPhases = (
				E3395C3420B3C2BA00E0625E /* Sources */,
				E3395C3520B3C2BA00E0625E /* Frameworks */,
				E3395C3620B3C2BA00E0625E /* Resources */,
			);
			buildRules = (
			);
			dependencies = (
				E3395C3A20B3C2BA00E0625E /* PBXTargetDependency */,
			);
			name = DDChatToolBarTests;
			productName = DDChatToolBarTests;
			productReference = E3395C3820B3C2BA00E0625E /* DDChatToolBarTests.xctest */;
			productType = "com.apple.product-type.bundle.unit-test";
		};
		E3395C4220B3C2BA00E0625E /* DDChatToolBarUITests */ = {
			isa = PBXNativeTarget;
			buildConfigurationList = E3395C5220B3C2BA00E0625E /* Build configuration list for PBXNativeTarget "DDChatToolBarUITests" */;
			buildPhases = (
				E3395C3F20B3C2BA00E0625E /* Sources */,
				E3395C4020B3C2BA00E0625E /* Frameworks */,
				E3395C4120B3C2BA00E0625E /* Resources */,
			);
			buildRules = (
			);
			dependencies = (
				E3395C4520B3C2BA00E0625E /* PBXTargetDependency */,
			);
			name = DDChatToolBarUITests;
			productName = DDChatToolBarUITests;
			productReference = E3395C4320B3C2BA00E0625E /* DDChatToolBarUITests.xctest */;
			productType = "com.apple.product-type.bundle.ui-testing";
		};
/* End PBXNativeTarget section */

/* Begin PBXProject section */
		E3395C1820B3C2BA00E0625E /* Project object */ = {
			isa = PBXProject;
			attributes = {
				LastUpgradeCheck = 0930;
				ORGANIZATIONNAME = wuqh;
				TargetAttributes = {
					E3395C1F20B3C2BA00E0625E = {
						CreatedOnToolsVersion = 9.3.1;
					};
					E3395C3720B3C2BA00E0625E = {
						CreatedOnToolsVersion = 9.3.1;
						TestTargetID = E3395C1F20B3C2BA00E0625E;
					};
					E3395C4220B3C2BA00E0625E = {
						CreatedOnToolsVersion = 9.3.1;
						TestTargetID = E3395C1F20B3C2BA00E0625E;
					};
				};
			};
			buildConfigurationList = E3395C1B20B3C2BA00E0625E /* Build configuration list for PBXProject "DDChatToolBar" */;
			compatibilityVersion = "Xcode 9.3";
			developmentRegion = en;
			hasScannedForEncodings = 0;
			knownRegions = (
				en,
				Base,
			);
			mainGroup = E3395C1720B3C2BA00E0625E;
			productRefGroup = E3395C2120B3C2BA00E0625E /* Products */;
			projectDirPath = "";
			projectRoot = "";
			targets = (
				E3395C1F20B3C2BA00E0625E /* DDChatToolBar */,
				E3395C3720B3C2BA00E0625E /* DDChatToolBarTests */,
				E3395C4220B3C2BA00E0625E /* DDChatToolBarUITests */,
			);
		};
/* End PBXProject section */

/* Begin PBXResourcesBuildPhase section */
		E3395C1E20B3C2BA00E0625E /* Resources */ = {
			isa = PBXResourcesBuildPhase;
			buildActionMask = 2147483647;
			files = (
				E3395C9720B3D4D300E0625E /* chat_toolbar_voice_HL@3x.png in Resources */,
				E3395CA120B3D4D300E0625E /* chat_toolbar_keyboard_HL@3x.png in Resources */,
				E3395C9B20B3D4D300E0625E /* chat_toolbar_more_HL@3x.png in Resources */,
				E3395C7E20B3C50800E0625E /* Info.plist in Resources */,
				E3395C9F20B3D4D300E0625E /* chat_toolbar_voice@3x.png in Resources */,
				E3395CA220B3D4D300E0625E /* chat_toolbar_more@2x.png in Resources */,
				E3395C9D20B3D4D300E0625E /* chat_toolbar_keyboard@2x.png in Resources */,
				E3395C9C20B3D4D300E0625E /* chat_toolbar_voice_HL@2x.png in Resources */,
				E3395C3020B3C2BA00E0625E /* LaunchScreen.storyboard in Resources */,
				E3395C2D20B3C2BA00E0625E /* Assets.xcassets in Resources */,
				E3395C9520B3D4D300E0625E /* chat_toolbar_emotion@3x.png in Resources */,
				E3395CA320B3D4D300E0625E /* chat_toolbar_keyboard_HL@2x.png in Resources */,
				E3395C9920B3D4D300E0625E /* chat_toolbar_emotion_HL@3x.png in Resources */,
				E3395CA420B3D4D300E0625E /* chat_toolbar_voice@2x.png in Resources */,
				E3395CA020B3D4D300E0625E /* chat_toolbar_more@3x.png in Resources */,
				E3395C9A20B3D4D300E0625E /* chat_toolbar_emotion_HL@2x.png in Resources */,
				E3395C9620B3D4D300E0625E /* chat_toolbar_emotion@2x.png in Resources */,
				E3395C2B20B3C2BA00E0625E /* Main.storyboard in Resources */,
				E3395C9E20B3D4D300E0625E /* chat_toolbar_keyboard@3x.png in Resources */,
				E3395C9820B3D4D300E0625E /* chat_toolbar_more_HL@2x.png in Resources */,
			);
			runOnlyForDeploymentPostprocessing = 0;
		};
		E3395C3620B3C2BA00E0625E /* Resources */ = {
			isa = PBXResourcesBuildPhase;
			buildActionMask = 2147483647;
			files = (
			);
			runOnlyForDeploymentPostprocessing = 0;
		};
		E3395C4120B3C2BA00E0625E /* Resources */ = {
			isa = PBXResourcesBuildPhase;
			buildActionMask = 2147483647;
			files = (
			);
			runOnlyForDeploymentPostprocessing = 0;
		};
/* End PBXResourcesBuildPhase section */

/* Begin PBXSourcesBuildPhase section */
		E3395C1C20B3C2BA00E0625E /* Sources */ = {
			isa = PBXSourcesBuildPhase;
			buildActionMask = 2147483647;
			files = (
				E3395CAD20B3D73200E0625E /* DDChatViewController+keyboardNotification.m in Sources */,
				E3395CB420B3EAB800E0625E /* UIButton+Extensions.m in Sources */,
				E3395C7C20B3C50800E0625E /* MASViewConstraint.m in Sources */,
				E3395CBF20B3F49500E0625E /* DDChatBaseKeyboard.m in Sources */,
				E3395C8320B3C6EE00E0625E /* DDPressToTalkButton.m in Sources */,
				E3395CBA20B3F06A00E0625E /* DDChatBaseViewController+chatToolBarTranslate.m in Sources */,
				E3395C7D20B3C50800E0625E /* MASViewAttribute.m in Sources */,
				E3395D0720B430D800E0625E /* DDChatMoreKeyboard.m in Sources */,
				E3395C2820B3C2BA00E0625E /* ViewController.m in Sources */,
				E3395CC620B3F90C00E0625E /* DDChatBaseViewController+ChatKeyboard.m in Sources */,
				E3395C5820B3C2FE00E0625E /* DDChatToolBar.m in Sources */,
				E3395C7920B3C50800E0625E /* NSArray+MASAdditions.m in Sources */,
				E3395C7520B3C50800E0625E /* ViewController+MASAdditions.m in Sources */,
				E3395CA720B3D52A00E0625E /* DDChatBaseViewController.m in Sources */,
				E3395C7620B3C50800E0625E /* MASCompositeConstraint.m in Sources */,
				E3395C3320B3C2BA00E0625E /* main.m in Sources */,
				E3395CC220B3F4A200E0625E /* DDChatEmojiKeyboard.m in Sources */,
				E3395C7A20B3C50800E0625E /* View+MASAdditions.m in Sources */,
				E3395C7720B3C50800E0625E /* MASConstraintMaker.m in Sources */,
				E3395C7B20B3C50800E0625E /* MASConstraint.m in Sources */,
				E3395C7420B3C50800E0625E /* NSLayoutConstraint+MASDebugAdditions.m in Sources */,
				E3395C7820B3C50800E0625E /* MASLayoutConstraint.m in Sources */,
				E3395C2520B3C2BA00E0625E /* AppDelegate.m in Sources */,
			);
			runOnlyForDeploymentPostprocessing = 0;
		};
		E3395C3420B3C2BA00E0625E /* Sources */ = {
			isa = PBXSourcesBuildPhase;
			buildActionMask = 2147483647;
			files = (
				E3395C3D20B3C2BA00E0625E /* DDChatToolBarTests.m in Sources */,
			);
			runOnlyForDeploymentPostprocessing = 0;
		};
		E3395C3F20B3C2BA00E0625E /* Sources */ = {
			isa = PBXSourcesBuildPhase;
			buildActionMask = 2147483647;
			files = (
				E3395C4820B3C2BA00E0625E /* DDChatToolBarUITests.m in Sources */,
			);
			runOnlyForDeploymentPostprocessing = 0;
		};
/* End PBXSourcesBuildPhase section */

/* Begin PBXTargetDependency section */
		E3395C3A20B3C2BA00E0625E /* PBXTargetDependency */ = {
			isa = PBXTargetDependency;
			target = E3395C1F20B3C2BA00E0625E /* DDChatToolBar */;
			targetProxy = E3395C3920B3C2BA00E0625E /* PBXContainerItemProxy */;
		};
		E3395C4520B3C2BA00E0625E /* PBXTargetDependency */ = {
			isa = PBXTargetDependency;
			target = E3395C1F20B3C2BA00E0625E /* DDChatToolBar */;
			targetProxy = E3395C4420B3C2BA00E0625E /* PBXContainerItemProxy */;
		};
/* End PBXTargetDependency section */

/* Begin PBXVariantGroup section */
		E3395C2920B3C2BA00E0625E /* Main.storyboard */ = {
			isa = PBXVariantGroup;
			children = (
				E3395C2A20B3C2BA00E0625E /* Base */,
			);
			name = Main.storyboard;
			sourceTree = "<group>";
		};
		E3395C2E20B3C2BA00E0625E /* LaunchScreen.storyboard */ = {
			isa = PBXVariantGroup;
			children = (
				E3395C2F20B3C2BA00E0625E /* Base */,
			);
			name = LaunchScreen.storyboard;
			sourceTree = "<group>";
		};
/* End PBXVariantGroup section */

/* Begin XCBuildConfiguration section */
		E3395C4A20B3C2BA00E0625E /* Debug */ = {
			isa = XCBuildConfiguration;
			buildSettings = {
				ALWAYS_SEARCH_USER_PATHS = NO;
				CLANG_ANALYZER_NONNULL = YES;
				CLANG_ANALYZER_NUMBER_OBJECT_CONVERSION = YES_AGGRESSIVE;
				CLANG_CXX_LANGUAGE_STANDARD = "gnu++14";
				CLANG_CXX_LIBRARY = "libc++";
				CLANG_ENABLE_MODULES = YES;
				CLANG_ENABLE_OBJC_ARC = YES;
				CLANG_ENABLE_OBJC_WEAK = YES;
				CLANG_WARN_BLOCK_CAPTURE_AUTORELEASING = YES;
				CLANG_WARN_BOOL_CONVERSION = YES;
				CLANG_WARN_COMMA = YES;
				CLANG_WARN_CONSTANT_CONVERSION = YES;
				CLANG_WARN_DEPRECATED_OBJC_IMPLEMENTATIONS = YES;
				CLANG_WARN_DIRECT_OBJC_ISA_USAGE = YES_ERROR;
				CLANG_WARN_DOCUMENTATION_COMMENTS = YES;
				CLANG_WARN_EMPTY_BODY = YES;
				CLANG_WARN_ENUM_CONVERSION = YES;
				CLANG_WARN_INFINITE_RECURSION = YES;
				CLANG_WARN_INT_CONVERSION = YES;
				CLANG_WARN_NON_LITERAL_NULL_CONVERSION = YES;
				CLANG_WARN_OBJC_IMPLICIT_RETAIN_SELF = YES;
				CLANG_WARN_OBJC_LITERAL_CONVERSION = YES;
				CLANG_WARN_OBJC_ROOT_CLASS = YES_ERROR;
				CLANG_WARN_RANGE_LOOP_ANALYSIS = YES;
				CLANG_WARN_STRICT_PROTOTYPES = YES;
				CLANG_WARN_SUSPICIOUS_MOVE = YES;
				CLANG_WARN_UNGUARDED_AVAILABILITY = YES_AGGRESSIVE;
				CLANG_WARN_UNREACHABLE_CODE = YES;
				CLANG_WARN__DUPLICATE_METHOD_MATCH = YES;
				CODE_SIGN_IDENTITY = "iPhone Developer";
				COPY_PHASE_STRIP = NO;
				DEBUG_INFORMATION_FORMAT = dwarf;
				ENABLE_STRICT_OBJC_MSGSEND = YES;
				ENABLE_TESTABILITY = YES;
				GCC_C_LANGUAGE_STANDARD = gnu11;
				GCC_DYNAMIC_NO_PIC = NO;
				GCC_NO_COMMON_BLOCKS = YES;
				GCC_OPTIMIZATION_LEVEL = 0;
				GCC_PREPROCESSOR_DEFINITIONS = (
					"DEBUG=1",
					"$(inherited)",
				);
				GCC_WARN_64_TO_32_BIT_CONVERSION = YES;
				GCC_WARN_ABOUT_RETURN_TYPE = YES_ERROR;
				GCC_WARN_UNDECLARED_SELECTOR = YES;
				GCC_WARN_UNINITIALIZED_AUTOS = YES_AGGRESSIVE;
				GCC_WARN_UNUSED_FUNCTION = YES;
				GCC_WARN_UNUSED_VARIABLE = YES;
				IPHONEOS_DEPLOYMENT_TARGET = 11.3;
				MTL_ENABLE_DEBUG_INFO = YES;
				ONLY_ACTIVE_ARCH = YES;
				SDKROOT = iphoneos;
			};
			name = Debug;
		};
		E3395C4B20B3C2BA00E0625E /* Release */ = {
			isa = XCBuildConfiguration;
			buildSettings = {
				ALWAYS_SEARCH_USER_PATHS = NO;
				CLANG_ANALYZER_NONNULL = YES;
				CLANG_ANALYZER_NUMBER_OBJECT_CONVERSION = YES_AGGRESSIVE;
				CLANG_CXX_LANGUAGE_STANDARD = "gnu++14";
				CLANG_CXX_LIBRARY = "libc++";
				CLANG_ENABLE_MODULES = YES;
				CLANG_ENABLE_OBJC_ARC = YES;
				CLANG_ENABLE_OBJC_WEAK = YES;
				CLANG_WARN_BLOCK_CAPTURE_AUTORELEASING = YES;
				CLANG_WARN_BOOL_CONVERSION = YES;
				CLANG_WARN_COMMA = YES;
				CLANG_WARN_CONSTANT_CONVERSION = YES;
				CLANG_WARN_DEPRECATED_OBJC_IMPLEMENTATIONS = YES;
				CLANG_WARN_DIRECT_OBJC_ISA_USAGE = YES_ERROR;
				CLANG_WARN_DOCUMENTATION_COMMENTS = YES;
				CLANG_WARN_EMPTY_BODY = YES;
				CLANG_WARN_ENUM_CONVERSION = YES;
				CLANG_WARN_INFINITE_RECURSION = YES;
				CLANG_WARN_INT_CONVERSION = YES;
				CLANG_WARN_NON_LITERAL_NULL_CONVERSION = YES;
				CLANG_WARN_OBJC_IMPLICIT_RETAIN_SELF = YES;
				CLANG_WARN_OBJC_LITERAL_CONVERSION = YES;
				CLANG_WARN_OBJC_ROOT_CLASS = YES_ERROR;
				CLANG_WARN_RANGE_LOOP_ANALYSIS = YES;
				CLANG_WARN_STRICT_PROTOTYPES = YES;
				CLANG_WARN_SUSPICIOUS_MOVE = YES;
				CLANG_WARN_UNGUARDED_AVAILABILITY = YES_AGGRESSIVE;
				CLANG_WARN_UNREACHABLE_CODE = YES;
				CLANG_WARN__DUPLICATE_METHOD_MATCH = YES;
				CODE_SIGN_IDENTITY = "iPhone Developer";
				COPY_PHASE_STRIP = NO;
				DEBUG_INFORMATION_FORMAT = "dwarf-with-dsym";
				ENABLE_NS_ASSERTIONS = NO;
				ENABLE_STRICT_OBJC_MSGSEND = YES;
				GCC_C_LANGUAGE_STANDARD = gnu11;
				GCC_NO_COMMON_BLOCKS = YES;
				GCC_WARN_64_TO_32_BIT_CONVERSION = YES;
				GCC_WARN_ABOUT_RETURN_TYPE = YES_ERROR;
				GCC_WARN_UNDECLARED_SELECTOR = YES;
				GCC_WARN_UNINITIALIZED_AUTOS = YES_AGGRESSIVE;
				GCC_WARN_UNUSED_FUNCTION = YES;
				GCC_WARN_UNUSED_VARIABLE = YES;
				IPHONEOS_DEPLOYMENT_TARGET = 11.3;
				MTL_ENABLE_DEBUG_INFO = NO;
				SDKROOT = iphoneos;
				VALIDATE_PRODUCT = YES;
			};
			name = Release;
		};
		E3395C4D20B3C2BA00E0625E /* Debug */ = {
			isa = XCBuildConfiguration;
			buildSettings = {
				ASSETCATALOG_COMPILER_APPICON_NAME = AppIcon;
				CODE_SIGN_STYLE = Automatic;
				DEVELOPMENT_TEAM = 5E3A9G5UU5;
				GCC_PREFIX_HEADER = DDChatToolBar/PrefixHeader.pch;
				INFOPLIST_FILE = DDChatToolBar/Info.plist;
				LD_RUNPATH_SEARCH_PATHS = (
					"$(inherited)",
					"@executable_path/Frameworks",
				);
				PRODUCT_BUNDLE_IDENTIFIER = com.wuqh.DDChatToolBar;
				PRODUCT_NAME = "$(TARGET_NAME)";
				TARGETED_DEVICE_FAMILY = "1,2";
			};
			name = Debug;
		};
		E3395C4E20B3C2BA00E0625E /* Release */ = {
			isa = XCBuildConfiguration;
			buildSettings = {
				ASSETCATALOG_COMPILER_APPICON_NAME = AppIcon;
				CODE_SIGN_STYLE = Automatic;
				DEVELOPMENT_TEAM = 5E3A9G5UU5;
				GCC_PREFIX_HEADER = DDChatToolBar/PrefixHeader.pch;
				INFOPLIST_FILE = DDChatToolBar/Info.plist;
				LD_RUNPATH_SEARCH_PATHS = (
					"$(inherited)",
					"@executable_path/Frameworks",
				);
				PRODUCT_BUNDLE_IDENTIFIER = com.wuqh.DDChatToolBar;
				PRODUCT_NAME = "$(TARGET_NAME)";
				TARGETED_DEVICE_FAMILY = "1,2";
			};
			name = Release;
		};
		E3395C5020B3C2BA00E0625E /* Debug */ = {
			isa = XCBuildConfiguration;
			buildSettings = {
				BUNDLE_LOADER = "$(TEST_HOST)";
				CODE_SIGN_STYLE = Automatic;
				DEVELOPMENT_TEAM = 5E3A9G5UU5;
				INFOPLIST_FILE = DDChatToolBarTests/Info.plist;
				LD_RUNPATH_SEARCH_PATHS = (
					"$(inherited)",
					"@executable_path/Frameworks",
					"@loader_path/Frameworks",
				);
				PRODUCT_BUNDLE_IDENTIFIER = com.wuqh.DDChatToolBarTests;
				PRODUCT_NAME = "$(TARGET_NAME)";
				TARGETED_DEVICE_FAMILY = "1,2";
				TEST_HOST = "$(BUILT_PRODUCTS_DIR)/DDChatToolBar.app/DDChatToolBar";
			};
			name = Debug;
		};
		E3395C5120B3C2BA00E0625E /* Release */ = {
			isa = XCBuildConfiguration;
			buildSettings = {
				BUNDLE_LOADER = "$(TEST_HOST)";
				CODE_SIGN_STYLE = Automatic;
				DEVELOPMENT_TEAM = 5E3A9G5UU5;
				INFOPLIST_FILE = DDChatToolBarTests/Info.plist;
				LD_RUNPATH_SEARCH_PATHS = (
					"$(inherited)",
					"@executable_path/Frameworks",
					"@loader_path/Frameworks",
				);
				PRODUCT_BUNDLE_IDENTIFIER = com.wuqh.DDChatToolBarTests;
				PRODUCT_NAME = "$(TARGET_NAME)";
				TARGETED_DEVICE_FAMILY = "1,2";
				TEST_HOST = "$(BUILT_PRODUCTS_DIR)/DDChatToolBar.app/DDChatToolBar";
			};
			name = Release;
		};
		E3395C5320B3C2BA00E0625E /* Debug */ = {
			isa = XCBuildConfiguration;
			buildSettings = {
				CODE_SIGN_STYLE = Automatic;
				DEVELOPMENT_TEAM = 5E3A9G5UU5;
				INFOPLIST_FILE = DDChatToolBarUITests/Info.plist;
				LD_RUNPATH_SEARCH_PATHS = (
					"$(inherited)",
					"@executable_path/Frameworks",
					"@loader_path/Frameworks",
				);
				PRODUCT_BUNDLE_IDENTIFIER = com.wuqh.DDChatToolBarUITests;
				PRODUCT_NAME = "$(TARGET_NAME)";
				TARGETED_DEVICE_FAMILY = "1,2";
				TEST_TARGET_NAME = DDChatToolBar;
			};
			name = Debug;
		};
		E3395C5420B3C2BA00E0625E /* Release */ = {
			isa = XCBuildConfiguration;
			buildSettings = {
				CODE_SIGN_STYLE = Automatic;
				DEVELOPMENT_TEAM = 5E3A9G5UU5;
				INFOPLIST_FILE = DDChatToolBarUITests/Info.plist;
				LD_RUNPATH_SEARCH_PATHS = (
					"$(inherited)",
					"@executable_path/Frameworks",
					"@loader_path/Frameworks",
				);
				PRODUCT_BUNDLE_IDENTIFIER = com.wuqh.DDChatToolBarUITests;
				PRODUCT_NAME = "$(TARGET_NAME)";
				TARGETED_DEVICE_FAMILY = "1,2";
				TEST_TARGET_NAME = DDChatToolBar;
			};
			name = Release;
		};
/* End XCBuildConfiguration section */

/* Begin XCConfigurationList section */
		E3395C1B20B3C2BA00E0625E /* Build configuration list for PBXProject "DDChatToolBar" */ = {
			isa = XCConfigurationList;
			buildConfigurations = (
				E3395C4A20B3C2BA00E0625E /* Debug */,
				E3395C4B20B3C2BA00E0625E /* Release */,
			);
			defaultConfigurationIsVisible = 0;
			defaultConfigurationName = Release;
		};
		E3395C4C20B3C2BA00E0625E /* Build configuration list for PBXNativeTarget "DDChatToolBar" */ = {
			isa = XCConfigurationList;
			buildConfigurations = (
				E3395C4D20B3C2BA00E0625E /* Debug */,
				E3395C4E20B3C2BA00E0625E /* Release */,
			);
			defaultConfigurationIsVisible = 0;
			defaultConfigurationName = Release;
		};
		E3395C4F20B3C2BA00E0625E /* Build configuration list for PBXNativeTarget "DDChatToolBarTests" */ = {
			isa = XCConfigurationList;
			buildConfigurations = (
				E3395C5020B3C2BA00E0625E /* Debug */,
				E3395C5120B3C2BA00E0625E /* Release */,
			);
			defaultConfigurationIsVisible = 0;
			defaultConfigurationName = Release;
		};
		E3395C5220B3C2BA00E0625E /* Build configuration list for PBXNativeTarget "DDChatToolBarUITests" */ = {
			isa = XCConfigurationList;
			buildConfigurations = (
				E3395C5320B3C2BA00E0625E /* Debug */,
				E3395C5420B3C2BA00E0625E /* Release */,
			);
			defaultConfigurationIsVisible = 0;
			defaultConfigurationName = Release;
		};
/* End XCConfigurationList section */
	};
	rootObject = E3395C1820B3C2BA00E0625E /* Project object */;
}
